<?xml version="1.0" encoding="utf-8"?>
<Project ToolsVersion="4.0" xmlns="http://schemas.microsoft.com/developer/msbuild/2003">
  <ItemGroup>
    <Filter Include="Source Files">
      <UniqueIdentifier>{4FC737F1-C7A5-4376-A066-2A32D752A2FF}</UniqueIdentifier>
      <Extensions>cpp;c;cc;cxx;def;odl;idl;hpj;bat;asm;asmx</Extensions>
    </Filter>
    <Filter Include="Header Files">
      <UniqueIdentifier>{93995380-89BD-4b04-88EB-625FBE52EBFB}</UniqueIdentifier>
      <Extensions>h;hh;hpp;hxx;hm;inl;inc;ipp;xsd</Extensions>
    </Filter>
    <Filter Include="Resource Files">
      <UniqueIdentifier>{67DA6AB6-F800-4c08-8B7A-83BB121AAD01}</UniqueIdentifier>
      <Extensions>rc;ico;cur;bmp;dlg;rc2;rct;bin;rgs;gif;jpg;jpeg;jpe;resx;tiff;tif;png;wav;mfcribbon-ms</Extensions>
    </Filter>
    <Filter Include="Header Files\List">
      <UniqueIdentifier>{85c487d9-11c0-4c48-ab7b-c20d71eb807e}</UniqueIdentifier>
    </Filter>
    <Filter Include="Header Files\Dictionary">
      <UniqueIdentifier>{68ba7c11-c7d3-47aa-ad12-cf36498c2df1}</UniqueIdentifier>
    </Filter>
    <Filter Include="Header Files\Queue">
      <UniqueIdentifier>{425af510-dee4-43aa-a0c9-82a56f207579}</UniqueIdentifier>
    </Filter>
    <Filter Include="Header Files\Stack">
      <UniqueIdentifier>{66f5272f-1cc4-435c-951e-5bf141e57521}</UniqueIdentifier>
    </Filter>
    <Filter Include="Header Files\Tree">
      <UniqueIdentifier>{645683d4-e820-4881-a8d4-9820349931de}</UniqueIdentifier>
    </Filter>
  </ItemGroup>
  <ItemGroup>
    <ClInclude Include="DLNode.h">
      <Filter>Header Files\List</Filter>
    </ClInclude>
    <ClInclude Include="DLNodeIter.h">
      <Filter>Header Files\List</Filter>
    </ClInclude>
    <ClInclude Include="List.h">
      <Filter>Header Files\List</Filter>
    </ClInclude>
    <ClInclude Include="Pair.h">
      <Filter>Header Files\Dictionary</Filter>
    </ClInclude>
    <ClInclude Include="Dictionary.h">
      <Filter>Header Files\Dictionary</Filter>
    </ClInclude>
    <ClInclude Include="Queue.h">
      <Filter>Header Files\Queue</Filter>
    </ClInclude>
  </ItemGroup>
  <ItemGroup>
    <None Include="Containers.cd" />
    <None Include="..\README.md" />
  </ItemGroup>
</Project>